<?xml version="1.0" encoding="utf-8"?>
<Project ToolsVersion="4.0" xmlns="http://schemas.microsoft.com/developer/msbuild/2003">
  <ItemGroup>
    <ClCompile Include="CLOCK\Clock.cpp" />
    <ClCompile Include="DISPLAY\Display.cpp" />
    <ClCompile Include="Main.cpp" />
    <ClCompile Include="SHADERS\Shader.cpp" />
    <ClCompile Include="MODEL\Mesh.cpp" />
    <ClCompile Include="MODEL\Model.cpp" />
    <ClCompile Include="MODEL\Texture.cpp" />
    <ClCompile Include="DISPLAY\Camera.cpp" />
    <ClCompile Include="SkyBox.cpp" />
    <ClCompile Include="EventListener.cpp" />
    <ClCompile Include="Light.cpp" />
  </ItemGroup>
  <ItemGroup>
    <ClInclude Include="CLOCK\Clock.h" />
    <ClInclude Include="DISPLAY\Display.h" />
    <ClInclude Include="SHADERS\Shader.h" />
    <ClInclude Include="MODEL\Mesh.h" />
    <ClInclude Include="MODEL\Model.h" />
    <ClInclude Include="MODEL\Texture.h" />
    <ClInclude Include="DISPLAY\Camera.h" />
    <ClInclude Include="SkyBox.h" />
    <ClInclude Include="EventListener.h" />
    <ClInclude Include="Light.h" />
  </ItemGroup>
</Project>